{
    "_readme": [
        "This file locks the dependencies of your project to a known state",
        "Read more about it at https://getcomposer.org/doc/01-basic-usage.md#composer-lock-the-lock-file",
        "This file is @generated automatically"
    ],
    "hash": "883745c97a6675c1ff982d16b1dd3dbc",
    "content-hash": "430dd737fadec67a436377803fbfd303",
    "packages": [
        {
            "name": "abraham/twitteroauth",
            "version": "0.2.1",
            "source": {
                "type": "git",
                "url": "https://github.com/abraham/twitteroauth.git",
                "reference": "adf6a8ee92b0bac69cae7dded9743d5a7de0057e"
            },
            "dist": {
                "type": "zip",
                "url": "https://api.github.com/repos/abraham/twitteroauth/zipball/adf6a8ee92b0bac69cae7dded9743d5a7de0057e",
                "reference": "adf6a8ee92b0bac69cae7dded9743d5a7de0057e",
                "shasum": ""
            },
            "require": {
                "ext-curl": "*",
                "php": ">=5.3.0"
            },
            "require-dev": {
                "phpunit/phpunit": "4.2.*"
            },
            "type": "library",
            "autoload": {
                "psr-4": {
                    "Abraham\\TwitterOAuth\\": "src"
                }
            },
            "notification-url": "https://packagist.org/downloads/",
            "license": [
                "MIT"
            ],
            "authors": [
                {
                    "name": "Abraham Williams",
                    "email": "abraham@abrah.am",
                    "homepage": "https://abrah.am",
                    "role": "Developer"
                }
            ],
            "description": "The first PHP Library to support OAuth 1.0A for Twitter's REST API.",
            "homepage": "https://github.com/abraham/twitteroauth",
            "keywords": [
                "api",
                "oauth",
                "twitter"
            ],
            "time": "2014-11-18 00:05:59"
        },
        {
            "name": "cboden/ratchet",
            "version": "v0.2.8",
            "source": {
                "type": "git",
                "url": "https://github.com/ratchetphp/Ratchet.git",
                "reference": "ebd17c6675b51044e711a1089b1534fd8c68c9e0"
            },
            "dist": {
                "type": "zip",
                "url": "https://api.github.com/repos/ratchetphp/Ratchet/zipball/ebd17c6675b51044e711a1089b1534fd8c68c9e0",
                "reference": "ebd17c6675b51044e711a1089b1534fd8c68c9e0",
                "shasum": ""
            },
            "require": {
                "guzzle/http": ">=3.6.0,<3.8.0-dev",
                "php": ">=5.3.3",
                "react/socket": ">=0.2.0,<0.4.0-dev",
                "symfony/http-foundation": "~2.1"
            },
            "type": "library",
            "autoload": {
                "psr-0": {
                    "Ratchet": "src",
                    "Ratchet\\Tests": "tests"
                }
            },
            "notification-url": "https://packagist.org/downloads/",
            "license": [
                "MIT"
            ],
            "authors": [
                {
                    "name": "Chris Boden",
                    "email": "cboden@gmail.com",
                    "homepage": "http://res.im",
                    "role": "Developer"
                }
            ],
            "description": "PHP WebSocket library",
            "homepage": "http://socketo.me",
            "keywords": [
                "Ratchet",
                "WebSockets",
                "server",
                "sockets"
            ],
            "time": "2013-09-20 00:55:12"
        },
        {
            "name": "evenement/evenement",
            "version": "v1.0.0",
            "source": {
                "type": "git",
                "url": "https://github.com/igorw/evenement.git",
                "reference": "fa966683e7df3e5dd5929d984a44abfbd6bafe8d"
            },
            "dist": {
                "type": "zip",
                "url": "https://api.github.com/repos/igorw/evenement/zipball/fa966683e7df3e5dd5929d984a44abfbd6bafe8d",
                "reference": "fa966683e7df3e5dd5929d984a44abfbd6bafe8d",
                "shasum": ""
            },
            "require": {
                "php": ">=5.3.0"
            },
            "type": "library",
            "autoload": {
                "psr-0": {
                    "Evenement": "src"
                }
            },
            "notification-url": "https://packagist.org/downloads/",
            "license": [
                "MIT"
            ],
            "authors": [
                {
                    "name": "Igor Wiedler",
                    "email": "igor@wiedler.ch",
                    "homepage": "http://wiedler.ch/igor/"
                }
            ],
            "description": "Événement is a very simple event dispatching library for PHP 5.3",
            "keywords": [
                "event-dispatcher"
            ],
            "time": "2012-05-30 15:01:08"
        },
        {
            "name": "guzzle/common",
            "version": "v3.7.4",
            "target-dir": "Guzzle/Common",
            "source": {
                "type": "git",
                "url": "https://github.com/Guzzle3/common.git",
                "reference": "5126e268446c7e7df961b89128d71878e0652432"
            },
            "dist": {
                "type": "zip",
                "url": "https://api.github.com/repos/Guzzle3/common/zipball/5126e268446c7e7df961b89128d71878e0652432",
                "reference": "5126e268446c7e7df961b89128d71878e0652432",
                "shasum": ""
            },
            "require": {
                "php": ">=5.3.2",
                "symfony/event-dispatcher": ">=2.1"
            },
            "type": "library",
            "extra": {
                "branch-alias": {
                    "dev-master": "3.7-dev"
                }
            },
            "autoload": {
                "psr-0": {
                    "Guzzle\\Common": ""
                }
            },
            "notification-url": "https://packagist.org/downloads/",
            "license": [
                "MIT"
            ],
            "description": "Common libraries used by Guzzle",
            "homepage": "http://guzzlephp.org/",
            "keywords": [
                "collection",
                "common",
                "event",
                "exception"
            ],
            "abandoned": "guzzle/guzzle",
            "time": "2013-10-02 20:47:00"
        },
        {
            "name": "guzzle/http",
            "version": "v3.7.4",
            "target-dir": "Guzzle/Http",
            "source": {
                "type": "git",
                "url": "https://github.com/Guzzle3/http.git",
                "reference": "3420035adcf312d62a2e64f3e6b3e3e590121786"
            },
            "dist": {
                "type": "zip",
                "url": "https://api.github.com/repos/Guzzle3/http/zipball/3420035adcf312d62a2e64f3e6b3e3e590121786",
                "reference": "3420035adcf312d62a2e64f3e6b3e3e590121786",
                "shasum": ""
            },
            "require": {
                "guzzle/common": "self.version",
                "guzzle/parser": "self.version",
                "guzzle/stream": "self.version",
                "php": ">=5.3.2"
            },
            "suggest": {
                "ext-curl": "*"
            },
            "type": "library",
            "extra": {
                "branch-alias": {
                    "dev-master": "3.7-dev"
                }
            },
            "autoload": {
                "psr-0": {
                    "Guzzle\\Http": ""
                }
            },
            "notification-url": "https://packagist.org/downloads/",
            "license": [
                "MIT"
            ],
            "authors": [
                {
                    "name": "Michael Dowling",
                    "email": "mtdowling@gmail.com",
                    "homepage": "https://github.com/mtdowling"
                }
            ],
            "description": "HTTP libraries used by Guzzle",
            "homepage": "http://guzzlephp.org/",
            "keywords": [
                "Guzzle",
                "client",
                "curl",
                "http",
                "http client"
            ],
            "abandoned": "guzzle/guzzle",
            "time": "2013-09-20 22:05:53"
        },
        {
            "name": "guzzle/parser",
            "version": "v3.7.4",
            "target-dir": "Guzzle/Parser",
            "source": {
                "type": "git",
                "url": "https://github.com/Guzzle3/parser.git",
                "reference": "a25c2ddda1c52fb69a4ee56eb530b13ddd9573c2"
            },
            "dist": {
                "type": "zip",
                "url": "https://api.github.com/repos/Guzzle3/parser/zipball/a25c2ddda1c52fb69a4ee56eb530b13ddd9573c2",
                "reference": "a25c2ddda1c52fb69a4ee56eb530b13ddd9573c2",
                "shasum": ""
            },
            "require": {
                "php": ">=5.3.2"
            },
            "type": "library",
            "extra": {
                "branch-alias": {
                    "dev-master": "3.7-dev"
                }
            },
            "autoload": {
                "psr-0": {
                    "Guzzle\\Parser": ""
                }
            },
            "notification-url": "https://packagist.org/downloads/",
            "license": [
                "MIT"
            ],
            "description": "Interchangeable parsers used by Guzzle",
            "homepage": "http://guzzlephp.org/",
            "keywords": [
                "URI Template",
                "cookie",
                "http",
                "message",
                "url"
            ],
            "abandoned": "guzzle/guzzle",
            "time": "2013-07-11 22:46:03"
        },
        {
            "name": "guzzle/stream",
            "version": "v3.7.4",
            "target-dir": "Guzzle/Stream",
            "source": {
                "type": "git",
                "url": "https://github.com/Guzzle3/stream.git",
                "reference": "a86111d9ac7db31d65a053c825869409fe8fc83f"
            },
            "dist": {
                "type": "zip",
                "url": "https://api.github.com/repos/Guzzle3/stream/zipball/a86111d9ac7db31d65a053c825869409fe8fc83f",
                "reference": "a86111d9ac7db31d65a053c825869409fe8fc83f",
                "shasum": ""
            },
            "require": {
                "guzzle/common": "self.version",
                "php": ">=5.3.2"
            },
            "suggest": {
                "guzzle/http": "To convert Guzzle request objects to PHP streams"
            },
            "type": "library",
            "extra": {
                "branch-alias": {
                    "dev-master": "3.7-dev"
                }
            },
            "autoload": {
                "psr-0": {
                    "Guzzle\\Stream": ""
                }
            },
            "notification-url": "https://packagist.org/downloads/",
            "license": [
                "MIT"
            ],
            "authors": [
                {
                    "name": "Michael Dowling",
                    "email": "mtdowling@gmail.com",
                    "homepage": "https://github.com/mtdowling"
                }
            ],
            "description": "Guzzle stream wrapper component",
            "homepage": "http://guzzlephp.org/",
            "keywords": [
                "Guzzle",
                "component",
                "stream"
            ],
            "abandoned": "guzzle/guzzle",
            "time": "2013-07-30 22:07:23"
        },
        {
            "name": "react/event-loop",
            "version": "v0.3.5",
            "target-dir": "React/EventLoop",
            "source": {
                "type": "git",
                "url": "https://github.com/reactphp/event-loop.git",
                "reference": "13e03b17e54ea864c6653a2cf6d146dad8464e91"
            },
            "dist": {
                "type": "zip",
                "url": "https://api.github.com/repos/reactphp/event-loop/zipball/13e03b17e54ea864c6653a2cf6d146dad8464e91",
                "reference": "13e03b17e54ea864c6653a2cf6d146dad8464e91",
                "shasum": ""
            },
            "require": {
                "php": ">=5.3.3"
            },
            "suggest": {
                "ext-libev": "*",
                "ext-libevent": ">=0.0.5"
            },
            "type": "library",
            "extra": {
                "branch-alias": {
                    "dev-master": "0.3-dev"
                }
            },
            "autoload": {
                "psr-0": {
                    "React\\EventLoop": ""
                }
            },
            "notification-url": "https://packagist.org/downloads/",
            "license": [
                "MIT"
            ],
            "description": "Event loop abstraction layer that libraries can use for evented I/O.",
            "keywords": [
                "event-loop"
            ],
            "time": "2016-12-28 22:48:03"
        },
        {
            "name": "react/socket",
            "version": "v0.3.4",
            "target-dir": "React/Socket",
            "source": {
                "type": "git",
                "url": "https://github.com/reactphp/socket.git",
                "reference": "19bc0c4309243717396022ffb2e59be1cc784327"
            },
            "dist": {
                "type": "zip",
                "url": "https://api.github.com/repos/reactphp/socket/zipball/19bc0c4309243717396022ffb2e59be1cc784327",
                "reference": "19bc0c4309243717396022ffb2e59be1cc784327",
                "shasum": ""
            },
            "require": {
                "evenement/evenement": "1.0.*",
                "php": ">=5.3.3",
                "react/event-loop": "0.3.*",
                "react/stream": "0.3.*"
            },
            "type": "library",
            "extra": {
                "branch-alias": {
                    "dev-master": "0.3-dev"
                }
            },
            "autoload": {
                "psr-0": {
                    "React\\Socket": ""
                }
            },
            "notification-url": "https://packagist.org/downloads/",
            "license": [
                "MIT"
            ],
            "description": "Library for building an evented socket server.",
            "keywords": [
                "Socket"
            ],
            "time": "2014-02-17 22:32:00"
        },
        {
            "name": "react/stream",
            "version": "v0.3.4",
            "target-dir": "React/Stream",
            "source": {
                "type": "git",
                "url": "https://github.com/reactphp/stream.git",
                "reference": "feef56628afe3fa861f0da5f92c909e029efceac"
            },
            "dist": {
                "type": "zip",
                "url": "https://api.github.com/repos/reactphp/stream/zipball/feef56628afe3fa861f0da5f92c909e029efceac",
                "reference": "feef56628afe3fa861f0da5f92c909e029efceac",
                "shasum": ""
            },
            "require": {
                "evenement/evenement": "1.0.*",
                "php": ">=5.3.3"
            },
            "suggest": {
                "react/event-loop": "0.3.*",
                "react/promise": "~1.0"
            },
            "type": "library",
            "extra": {
                "branch-alias": {
                    "dev-master": "0.3-dev"
                }
            },
            "autoload": {
                "psr-0": {
                    "React\\Stream": ""
                }
            },
            "notification-url": "https://packagist.org/downloads/",
            "license": [
                "MIT"
            ],
            "description": "Basic readable and writable stream interfaces that support piping.",
            "keywords": [
                "pipe",
                "stream"
            ],
            "time": "2014-02-16 19:48:52"
        },
        {
            "name": "smarty/smarty",
            "version": "dev-master",
            "source": {
                "type": "git",
                "url": "https://github.com/smarty-php/smarty.git",
                "reference": "c7d42e4a327c402897dd587871434888fde1e7a9"
            },
            "dist": {
                "type": "zip",
                "url": "https://api.github.com/repos/smarty-php/smarty/zipball/c7d42e4a327c402897dd587871434888fde1e7a9",
                "reference": "c7d42e4a327c402897dd587871434888fde1e7a9",
                "shasum": ""
            },
            "require": {
                "php": ">=5.2"
            },
            "type": "library",
            "extra": {
                "branch-alias": {
                    "dev-master": "3.1.x-dev"
                }
            },
            "autoload": {
                "files": [
                    "libs/bootstrap.php"
                ]
            },
            "notification-url": "https://packagist.org/downloads/",
            "license": [
                "LGPL-3.0"
            ],
            "authors": [
                {
                    "name": "Monte Ohrt",
                    "email": "monte@ohrt.com"
                },
                {
                    "name": "Uwe Tews",
                    "email": "uwe.tews@googlemail.com"
                },
                {
                    "name": "Rodney Rehm",
                    "email": "rodney.rehm@medialize.de"
                }
            ],
            "description": "Smarty - the compiling PHP template engine",
            "homepage": "http://www.smarty.net",
            "keywords": [
                "templating"
            ],
            "time": "2016-12-14 21:57:25"
        },
        {
            "name": "symfony/event-dispatcher",
            "version": "v2.6.13",
            "target-dir": "Symfony/Component/EventDispatcher",
            "source": {
                "type": "git",
                "url": "https://github.com/symfony/event-dispatcher.git",
                "reference": "672593bc4b0043a0acf91903bb75a1c82d8f2e02"
            },
            "dist": {
                "type": "zip",
                "url": "https://api.github.com/repos/symfony/event-dispatcher/zipball/672593bc4b0043a0acf91903bb75a1c82d8f2e02",
                "reference": "672593bc4b0043a0acf91903bb75a1c82d8f2e02",
                "shasum": ""
            },
            "require": {
                "php": ">=5.3.3"
            },
            "require-dev": {
                "psr/log": "~1.0",
                "symfony/config": "~2.0,>=2.0.5",
                "symfony/dependency-injection": "~2.6",
                "symfony/expression-language": "~2.6",
                "symfony/phpunit-bridge": "~2.7",
                "symfony/stopwatch": "~2.3"
            },
            "suggest": {
                "symfony/dependency-injection": "",
                "symfony/http-kernel": ""
            },
            "type": "library",
            "extra": {
                "branch-alias": {
                    "dev-master": "2.6-dev"
                }
            },
            "autoload": {
                "psr-0": {
                    "Symfony\\Component\\EventDispatcher\\": ""
                }
            },
            "notification-url": "https://packagist.org/downloads/",
            "license": [
                "MIT"
            ],
            "authors": [
                {
                    "name": "Fabien Potencier",
                    "email": "fabien@symfony.com"
                },
                {
                    "name": "Symfony Community",
                    "homepage": "https://symfony.com/contributors"
                }
            ],
            "description": "Symfony EventDispatcher Component",
            "homepage": "https://symfony.com",
            "time": "2015-05-02 15:18:45"
        },
        {
            "name": "symfony/http-foundation",
            "version": "v2.6.13",
            "target-dir": "Symfony/Component/HttpFoundation",
            "source": {
                "type": "git",
                "url": "https://github.com/symfony/http-foundation.git",
                "reference": "e8fd1b73ac1c3de1f76c73801ddf1a8ecb1c1c9c"
            },
            "dist": {
                "type": "zip",
                "url": "https://api.github.com/repos/symfony/http-foundation/zipball/e8fd1b73ac1c3de1f76c73801ddf1a8ecb1c1c9c",
                "reference": "e8fd1b73ac1c3de1f76c73801ddf1a8ecb1c1c9c",
                "shasum": ""
            },
            "require": {
                "php": ">=5.3.3"
            },
            "require-dev": {
                "symfony/expression-language": "~2.4",
                "symfony/phpunit-bridge": "~2.7"
            },
            "type": "library",
            "extra": {
                "branch-alias": {
                    "dev-master": "2.6-dev"
                }
            },
            "autoload": {
                "psr-0": {
                    "Symfony\\Component\\HttpFoundation\\": ""
                },
                "classmap": [
                    "Symfony/Component/HttpFoundation/Resources/stubs"
                ]
            },
            "notification-url": "https://packagist.org/downloads/",
            "license": [
                "MIT"
            ],
            "authors": [
                {
                    "name": "Fabien Potencier",
                    "email": "fabien@symfony.com"
                },
                {
                    "name": "Symfony Community",
                    "homepage": "https://symfony.com/contributors"
                }
            ],
            "description": "Symfony HttpFoundation Component",
            "homepage": "https://symfony.com",
            "time": "2015-07-22 10:08:40"
        }
    ],
    "packages-dev": [],
    "aliases": [],
    "minimum-stability": "stable",
    "stability-flags": {
        "smarty/smarty": 20
    },
    "prefer-stable": false,
    "prefer-lowest": false,
    "platform": [],
    "platform-dev": []
}
